# THIS IS AN AUTOGENERATED FILE. DO NOT EDIT THIS FILE DIRECTLY.
# yarn lockfile v1


lucide-react@^0.536.0:
  version "0.536.0"
  resolved "https://registry.yarnpkg.com/lucide-react/-/lucide-react-0.536.0.tgz#0c15c0ec67b6b0b3f0d6eb65df559bb72ed9c81d"
  integrity sha512-2PgvNa9v+qz4Jt/ni8vPLt4jwoFybXHuubQT8fv4iCW5TjDxkbZjNZZHa485ad73NSEn/jdsEtU57eE1g+ma8A==
